
Microsoft Visual Studio Solution File, Format Version 12.00
# Visual Studio 14
VisualStudioVersion = 14.0.24720.0
MinimumVisualStudioVersion = 10.0.40219.1
Project("{FAE04EC0-301F-11D3-BF4B-00C04F79EFBC}") = "Apteka", "Apteka\Apteka.csproj", "{B0D52EFC-2AC5-4A92-ADD8-FB66F0FCC99A}"
EndProject
Project("{2150E333-8FDC-42A3-9474-1A3956D46DE8}") = "Logic", "Logic", "{F3C30E80-B606-4FEC-B1BF-B1E51F4F2961}"
EndProject
Project("{FAE04EC0-301F-11D3-BF4B-00C04F79EFBC}") = "ClientLogic", "ClientService\ClientLogic.csproj", "{8142295C-8992-424D-A4D5-C40D6C05550E}"
EndProject
Project("{2150E333-8FDC-42A3-9474-1A3956D46DE8}") = "Database", "Database", "{6ABA1AFA-DACE-49B2-8D1C-C977A33127BB}"
EndProject
Project("{2150E333-8FDC-42A3-9474-1A3956D46DE8}") = "Common", "Common", "{8F07E5D8-5D53-4D6E-AF3C-AD40468826AB}"
EndProject
Project("{FAE04EC0-301F-11D3-BF4B-00C04F79EFBC}") = "Logging", "Logging\Logging.csproj", "{D1796951-A12A-4A21-97C3-592A94AA7E55}"
EndProject
Project("{FAE04EC0-301F-11D3-BF4B-00C04F79EFBC}") = "DAL", "DataAccessLayer\DAL.csproj", "{7F63BA9D-6DB3-4A53-ABB1-95C73709420A}"
EndProject
Project("{FAE04EC0-301F-11D3-BF4B-00C04F79EFBC}") = "Common", "Common\Common.csproj", "{5E508BF1-E564-45CF-8092-46FE65162080}"
EndProject
Project("{FAE04EC0-301F-11D3-BF4B-00C04F79EFBC}") = "ProductLogic", "ProductLogic\ProductLogic.csproj", "{5F29A8E4-059D-4CC7-ABD7-80A2D7EC3A9A}"
EndProject
Project("{FAE04EC0-301F-11D3-BF4B-00C04F79EFBC}") = "RecipeDrugLogic", "RecipeDrugLogic\RecipeDrugLogic.csproj", "{50E1387A-A2E1-49E7-9C62-E6233DAFC478}"
EndProject
Project("{FAE04EC0-301F-11D3-BF4B-00C04F79EFBC}") = "EmployeeLogic", "EmployeeLogic\EmployeeLogic.csproj", "{305280BD-0C23-4AB6-99E3-850FB9A5DAFB}"
EndProject
Project("{FAE04EC0-301F-11D3-BF4B-00C04F79EFBC}") = "PackageLogic", "Package\PackageLogic.csproj", "{702BA624-855C-49D1-A3B2-EF8812C47A1F}"
EndProject
Global
	GlobalSection(SolutionConfigurationPlatforms) = preSolution
		Debug|Any CPU = Debug|Any CPU
		Release|Any CPU = Release|Any CPU
	EndGlobalSection
	GlobalSection(ProjectConfigurationPlatforms) = postSolution
		{B0D52EFC-2AC5-4A92-ADD8-FB66F0FCC99A}.Debug|Any CPU.ActiveCfg = Debug|Any CPU
		{B0D52EFC-2AC5-4A92-ADD8-FB66F0FCC99A}.Debug|Any CPU.Build.0 = Debug|Any CPU
		{B0D52EFC-2AC5-4A92-ADD8-FB66F0FCC99A}.Release|Any CPU.ActiveCfg = Release|Any CPU
		{B0D52EFC-2AC5-4A92-ADD8-FB66F0FCC99A}.Release|Any CPU.Build.0 = Release|Any CPU
		{8142295C-8992-424D-A4D5-C40D6C05550E}.Debug|Any CPU.ActiveCfg = Debug|Any CPU
		{8142295C-8992-424D-A4D5-C40D6C05550E}.Debug|Any CPU.Build.0 = Debug|Any CPU
		{8142295C-8992-424D-A4D5-C40D6C05550E}.Release|Any CPU.ActiveCfg = Release|Any CPU
		{8142295C-8992-424D-A4D5-C40D6C05550E}.Release|Any CPU.Build.0 = Release|Any CPU
		{D1796951-A12A-4A21-97C3-592A94AA7E55}.Debug|Any CPU.ActiveCfg = Debug|Any CPU
		{D1796951-A12A-4A21-97C3-592A94AA7E55}.Debug|Any CPU.Build.0 = Debug|Any CPU
		{D1796951-A12A-4A21-97C3-592A94AA7E55}.Release|Any CPU.ActiveCfg = Release|Any CPU
		{D1796951-A12A-4A21-97C3-592A94AA7E55}.Release|Any CPU.Build.0 = Release|Any CPU
		{7F63BA9D-6DB3-4A53-ABB1-95C73709420A}.Debug|Any CPU.ActiveCfg = Debug|Any CPU
		{7F63BA9D-6DB3-4A53-ABB1-95C73709420A}.Debug|Any CPU.Build.0 = Debug|Any CPU
		{7F63BA9D-6DB3-4A53-ABB1-95C73709420A}.Release|Any CPU.ActiveCfg = Release|Any CPU
		{7F63BA9D-6DB3-4A53-ABB1-95C73709420A}.Release|Any CPU.Build.0 = Release|Any CPU
		{5E508BF1-E564-45CF-8092-46FE65162080}.Debug|Any CPU.ActiveCfg = Debug|Any CPU
		{5E508BF1-E564-45CF-8092-46FE65162080}.Debug|Any CPU.Build.0 = Debug|Any CPU
		{5E508BF1-E564-45CF-8092-46FE65162080}.Release|Any CPU.ActiveCfg = Release|Any CPU
		{5E508BF1-E564-45CF-8092-46FE65162080}.Release|Any CPU.Build.0 = Release|Any CPU
		{5F29A8E4-059D-4CC7-ABD7-80A2D7EC3A9A}.Debug|Any CPU.ActiveCfg = Debug|Any CPU
		{5F29A8E4-059D-4CC7-ABD7-80A2D7EC3A9A}.Debug|Any CPU.Build.0 = Debug|Any CPU
		{5F29A8E4-059D-4CC7-ABD7-80A2D7EC3A9A}.Release|Any CPU.ActiveCfg = Release|Any CPU
		{5F29A8E4-059D-4CC7-ABD7-80A2D7EC3A9A}.Release|Any CPU.Build.0 = Release|Any CPU
		{50E1387A-A2E1-49E7-9C62-E6233DAFC478}.Debug|Any CPU.ActiveCfg = Debug|Any CPU
		{50E1387A-A2E1-49E7-9C62-E6233DAFC478}.Debug|Any CPU.Build.0 = Debug|Any CPU
		{50E1387A-A2E1-49E7-9C62-E6233DAFC478}.Release|Any CPU.ActiveCfg = Release|Any CPU
		{50E1387A-A2E1-49E7-9C62-E6233DAFC478}.Release|Any CPU.Build.0 = Release|Any CPU
		{305280BD-0C23-4AB6-99E3-850FB9A5DAFB}.Debug|Any CPU.ActiveCfg = Debug|Any CPU
		{305280BD-0C23-4AB6-99E3-850FB9A5DAFB}.Debug|Any CPU.Build.0 = Debug|Any CPU
		{305280BD-0C23-4AB6-99E3-850FB9A5DAFB}.Release|Any CPU.ActiveCfg = Release|Any CPU
		{305280BD-0C23-4AB6-99E3-850FB9A5DAFB}.Release|Any CPU.Build.0 = Release|Any CPU
		{702BA624-855C-49D1-A3B2-EF8812C47A1F}.Debug|Any CPU.ActiveCfg = Debug|Any CPU
		{702BA624-855C-49D1-A3B2-EF8812C47A1F}.Debug|Any CPU.Build.0 = Debug|Any CPU
		{702BA624-855C-49D1-A3B2-EF8812C47A1F}.Release|Any CPU.ActiveCfg = Release|Any CPU
		{702BA624-855C-49D1-A3B2-EF8812C47A1F}.Release|Any CPU.Build.0 = Release|Any CPU
	EndGlobalSection
	GlobalSection(SolutionProperties) = preSolution
		HideSolutionNode = FALSE
	EndGlobalSection
	GlobalSection(NestedProjects) = preSolution
		{8142295C-8992-424D-A4D5-C40D6C05550E} = {F3C30E80-B606-4FEC-B1BF-B1E51F4F2961}
		{D1796951-A12A-4A21-97C3-592A94AA7E55} = {8F07E5D8-5D53-4D6E-AF3C-AD40468826AB}
		{7F63BA9D-6DB3-4A53-ABB1-95C73709420A} = {6ABA1AFA-DACE-49B2-8D1C-C977A33127BB}
		{5E508BF1-E564-45CF-8092-46FE65162080} = {F3C30E80-B606-4FEC-B1BF-B1E51F4F2961}
		{5F29A8E4-059D-4CC7-ABD7-80A2D7EC3A9A} = {F3C30E80-B606-4FEC-B1BF-B1E51F4F2961}
		{50E1387A-A2E1-49E7-9C62-E6233DAFC478} = {F3C30E80-B606-4FEC-B1BF-B1E51F4F2961}
		{305280BD-0C23-4AB6-99E3-850FB9A5DAFB} = {F3C30E80-B606-4FEC-B1BF-B1E51F4F2961}
		{702BA624-855C-49D1-A3B2-EF8812C47A1F} = {F3C30E80-B606-4FEC-B1BF-B1E51F4F2961}
	EndGlobalSection
EndGlobal
